{
  "object": {
    "pins": [
      {
        "package": "Datable",
        "repositoryURL": "https://github.com/OperatorFoundation/Datable",
        "state": {
          "branch": null,
          "revision": "f935c18f2527f1b3cb6cad2511758b54effac5b1",
          "version": "3.1.2"
        }
      },
      {
        "package": "Net",
        "repositoryURL": "https://github.com/OperatorFoundation/Net.git",
        "state": {
          "branch": null,
          "revision": "57de753edfa076c8b6c2ce5d08bbd48e3cdc1d52",
          "version": "0.0.1"
        }
      },
      {
        "package": "Song",
        "repositoryURL": "https://github.com/OperatorFoundation/Song",
        "state": {
          "branch": null,
          "revision": "04a552f299525421c3481c4282e39f285a019a1a",
          "version": "0.2.2"
        }
      },
      {
        "package": "swift-ast",
        "repositoryURL": "https://github.com/OperatorFoundation/swift-ast.git",
        "state": {
          "branch": null,
          "revision": "b06dae9d1d4864df9eca6cc0761a62f7681565d4",
          "version": "0.19.11"
        }
      }
    ]
  },
  "version": 1
}
